
Microsoft Visual Studio Solution File, Format Version 12.00
# Visual Studio Version 17
VisualStudioVersion = 17.1.32319.34
MinimumVisualStudioVersion = 10.0.40219.1
Project("{9A19103F-16F7-4668-BE54-9A1E7A4F7556}") = "MelLox", "MelLox\MelLox.csproj", "{F187F7DE-4E3F-468A-ABB8-FDAF2168E029}"
EndProject
Project("{FAE04EC0-301F-11D3-BF4B-00C04F79EFBC}") = "1Bilet", "1Bilet\1Bilet.csproj", "{900EF862-1A92-4EBB-A110-68FCA8FDEB68}"
EndProject
Project("{9A19103F-16F7-4668-BE54-9A1E7A4F7556}") = "Bilet2", "Bilet2\Bilet2.csproj", "{395DC7B6-3ED5-4C4B-BA10-C26813FB11BD}"
EndProject
Project("{9A19103F-16F7-4668-BE54-9A1E7A4F7556}") = "3bilet", "3bilet\3bilet.csproj", "{B8D8292F-0068-4A8B-88DE-E15533EC9BA4}"
EndProject
Project("{FAE04EC0-301F-11D3-BF4B-00C04F79EFBC}") = "Shifrator", "Shifrator\Shifrator.csproj", "{21A81943-C5DE-478B-BB82-CA28727B046A}"
EndProject
Global
	GlobalSection(SolutionConfigurationPlatforms) = preSolution
		Debug|Any CPU = Debug|Any CPU
		Release|Any CPU = Release|Any CPU
	EndGlobalSection
	GlobalSection(ProjectConfigurationPlatforms) = postSolution
		{F187F7DE-4E3F-468A-ABB8-FDAF2168E029}.Debug|Any CPU.ActiveCfg = Debug|Any CPU
		{F187F7DE-4E3F-468A-ABB8-FDAF2168E029}.Debug|Any CPU.Build.0 = Debug|Any CPU
		{F187F7DE-4E3F-468A-ABB8-FDAF2168E029}.Release|Any CPU.ActiveCfg = Release|Any CPU
		{F187F7DE-4E3F-468A-ABB8-FDAF2168E029}.Release|Any CPU.Build.0 = Release|Any CPU
		{900EF862-1A92-4EBB-A110-68FCA8FDEB68}.Debug|Any CPU.ActiveCfg = Debug|Any CPU
		{900EF862-1A92-4EBB-A110-68FCA8FDEB68}.Debug|Any CPU.Build.0 = Debug|Any CPU
		{900EF862-1A92-4EBB-A110-68FCA8FDEB68}.Release|Any CPU.ActiveCfg = Release|Any CPU
		{900EF862-1A92-4EBB-A110-68FCA8FDEB68}.Release|Any CPU.Build.0 = Release|Any CPU
		{395DC7B6-3ED5-4C4B-BA10-C26813FB11BD}.Debug|Any CPU.ActiveCfg = Debug|Any CPU
		{395DC7B6-3ED5-4C4B-BA10-C26813FB11BD}.Debug|Any CPU.Build.0 = Debug|Any CPU
		{395DC7B6-3ED5-4C4B-BA10-C26813FB11BD}.Release|Any CPU.ActiveCfg = Release|Any CPU
		{395DC7B6-3ED5-4C4B-BA10-C26813FB11BD}.Release|Any CPU.Build.0 = Release|Any CPU
		{B8D8292F-0068-4A8B-88DE-E15533EC9BA4}.Debug|Any CPU.ActiveCfg = Debug|Any CPU
		{B8D8292F-0068-4A8B-88DE-E15533EC9BA4}.Debug|Any CPU.Build.0 = Debug|Any CPU
		{B8D8292F-0068-4A8B-88DE-E15533EC9BA4}.Release|Any CPU.ActiveCfg = Release|Any CPU
		{B8D8292F-0068-4A8B-88DE-E15533EC9BA4}.Release|Any CPU.Build.0 = Release|Any CPU
		{21A81943-C5DE-478B-BB82-CA28727B046A}.Debug|Any CPU.ActiveCfg = Debug|Any CPU
		{21A81943-C5DE-478B-BB82-CA28727B046A}.Debug|Any CPU.Build.0 = Debug|Any CPU
		{21A81943-C5DE-478B-BB82-CA28727B046A}.Release|Any CPU.ActiveCfg = Release|Any CPU
		{21A81943-C5DE-478B-BB82-CA28727B046A}.Release|Any CPU.Build.0 = Release|Any CPU
	EndGlobalSection
	GlobalSection(SolutionProperties) = preSolution
		HideSolutionNode = FALSE
	EndGlobalSection
	GlobalSection(ExtensibilityGlobals) = postSolution
		SolutionGuid = {F7AE1990-59C8-4748-BFCF-0D4FB8EAB4E6}
	EndGlobalSection
EndGlobal
